
Microsoft Visual Studio Solution File, Format Version 12.00
# Visual Studio Version 17
VisualStudioVersion = 17.4.33110.190
MinimumVisualStudioVersion = 10.0.40219.1
Project("{FAE04EC0-301F-11D3-BF4B-00C04F79EFBC}") = "FBV.API", "FBV.API\FBV.API.csproj", "{6F1DA2B6-BD30-40EE-ABA4-96217106C233}"
EndProject
Global
	GlobalSection(SolutionConfigurationPlatforms) = preSolution
		Debug|Any CPU = Debug|Any CPU
		Release|Any CPU = Release|Any CPU
	EndGlobalSection
	GlobalSection(ProjectConfigurationPlatforms) = postSolution
		{6F1DA2B6-BD30-40EE-ABA4-96217106C233}.Debug|Any CPU.ActiveCfg = Debug|Any CPU
		{6F1DA2B6-BD30-40EE-ABA4-96217106C233}.Debug|Any CPU.Build.0 = Debug|Any CPU
		{6F1DA2B6-BD30-40EE-ABA4-96217106C233}.Release|Any CPU.ActiveCfg = Release|Any CPU
		{6F1DA2B6-BD30-40EE-ABA4-96217106C233}.Release|Any CPU.Build.0 = Release|Any CPU
	EndGlobalSection
	GlobalSection(SolutionProperties) = preSolution
		HideSolutionNode = FALSE
	EndGlobalSection
	GlobalSection(ExtensibilityGlobals) = postSolution
		SolutionGuid = {9DAE78AD-ADDC-42D8-B48D-4D40E9F09E57}
	EndGlobalSection
EndGlobal
